FinRL c649f10eb3d5b112eb44eea03e032711ceeb897a
FinRL-Meta 962e11733fe827dde52ab92f81a47d43b0e65f35
ElegantRL b2ec84b19a82e6f18b781743d8bf37ca27134238
FinRL-Trading ad8e48d2154d8bda82c9a4301b7f8801b8c2f576
FinRL_Crypto d533b3db65864af8d262876b4af3331fb4683b23
FinRL_Podracer 3e841f7d8cb47f7806063b39bcfa7a2b11472e06
FinRAG 790c6158596747a3ea58ea1dae7972ac0f18d3dd
FinGPT 4e53f8d7f3d3342d7f9cfa9fb6681609e9703dea
FinRobot e86ba85fc022e766f9ae0a15d6afb667dda23038
